{
  "name": "minco-realtime-pusher-browser-proof",
  "lockfileVersion": 3,
  "requires": true,
  "packages": {
    "": {
      "name": "minco-realtime-pusher-browser-proof",
      "devDependencies": {
        "@playwright/test": "1.62.0",
        "pusher-js": "8.6.0"
      }
    },
    "node_modules/@playwright/test": {
      "version": "1.62.0",
      "resolved": "https://registry.npmjs.org/@playwright/test/-/test-1.62.0.tgz",
      "integrity": "sha512-9zOJ6ZQRAena31MpOH9VSzIz8Ou3YJ/wtY/eQm5T2uhfhG7/U3COrMS8xOtUrZrp9OgdmzEnIYODye3nY1VqzA==",
      "dev": true,
      "license": "Apache-2.0",
      "dependencies": {
        "playwright": "1.62.0"
      },
      "bin": {
        "playwright": "cli.js"
      },
      "engines": {
        "node": ">=20"
      }
    },
    "node_modules/fsevents": {
      "version": "2.3.2",
      "resolved": "https://registry.npmjs.org/fsevents/-/fsevents-2.3.2.tgz",
      "integrity": "sha512-xiqMQR4xAeHTuB9uWm+fFRcIOgKBMiOBP+eXiyT7jsgVCq1bkVygt00oASowB7EdtpOHaaPgKt812P9ab+DDKA==",
      "dev": true,
      "hasInstallScript": true,
      "license": "MIT",
      "optional": true,
      "os": [
        "darwin"
      ],
      "engines": {
        "node": "^8.16.0 || ^10.6.0 || >=11.0.0"
      }
    },
    "node_modules/playwright": {
      "version": "1.62.0",
      "resolved": "https://registry.npmjs.org/playwright/-/playwright-1.62.0.tgz",
      "integrity": "sha512-Z14dG305dgaLu6foB1TXQagFiW8JfSUIUaUuPaKQ6NtBPKF1P/qXcqfh6c6K/icPqdy37JmjbiBXf6JNg6Sylw==",
      "dev": true,
      "license": "Apache-2.0",
      "dependencies": {
        "playwright-core": "1.62.0"
      },
      "bin": {
        "playwright": "cli.js"
      },
      "engines": {
        "node": ">=20"
      },
      "optionalDependencies": {
        "fsevents": "2.3.2"
      }
    },
    "node_modules/playwright-core": {
      "version": "1.62.0",
      "resolved": "https://registry.npmjs.org/playwright-core/-/playwright-core-1.62.0.tgz",
      "integrity": "sha512-nsNRyq0r2zsG8AcRHWknc9QRA5XCueC7gWMrs+Gx2tlZn9hcl8zudfh00lhJPY1DE7NmZ6bDsT9g2yey8mXljA==",
      "dev": true,
      "license": "Apache-2.0",
      "bin": {
        "playwright-core": "cli.js"
      },
      "engines": {
        "node": ">=20"
      }
    },
    "node_modules/pusher-js": {
      "version": "8.6.0",
      "resolved": "https://registry.npmjs.org/pusher-js/-/pusher-js-8.6.0.tgz",
      "integrity": "sha512-wShJPfCS/kYkCBVzVW67wa9cnQIgHTszEK2XHNrFkOgGruuGw081aERAxfRjfdFU+WcIt8x6dvbwkTW4iZuQ8Q==",
      "dev": true,
      "license": "MIT",
      "dependencies": {
        "tweetnacl": "^1.0.3"
      }
    },
    "node_modules/tweetnacl": {
      "version": "1.0.3",
      "resolved": "https://registry.npmjs.org/tweetnacl/-/tweetnacl-1.0.3.tgz",
      "integrity": "sha512-6rt+RN7aOi1nGMyC4Xa5DdYiukl2UWCbcJft7YhxReBGQD7OAM8Pbxw6YMo4r2diNEA8FEmu32YOn9rhaiE5yw==",
      "dev": true,
      "license": "Unlicense"
    }
  }
}
